<?xml version="1.0" encoding="utf-8"?>
<Project ToolsVersion="4.0" xmlns="http://schemas.microsoft.com/developer/msbuild/2003">
  <ItemGroup>
    <Filter Include="Source Files">
      <UniqueIdentifier>{4FC737F1-C7A5-4376-A066-2A32D752A2FF}</UniqueIdentifier>
      <Extensions>cpp;c;cc;cxx;def;odl;idl;hpj;bat;asm;asmx</Extensions>
    </Filter>
    <Filter Include="Driver Files">
      <UniqueIdentifier>{8E41214B-6785-4CFE-B992-037D68949A14}</UniqueIdentifier>
      <Extensions>inf;inv;inx;mof;mc;</Extensions>
    </Filter>
    <Filter Include="Source Files\utils">
      <UniqueIdentifier>{95c9b09a-8e32-40ec-ab3f-405a2e260c1d}</UniqueIdentifier>
    </Filter>
    <Filter Include="Source Files\marco">
      <UniqueIdentifier>{aac092cf-4740-4f6d-a1c4-04c4d5ebd23d}</UniqueIdentifier>
    </Filter>
    <Filter Include="Source Files\cpp_wrap">
      <UniqueIdentifier>{93a6fb84-0008-4780-b8ed-9fd2712d88a8}</UniqueIdentifier>
    </Filter>
    <Filter Include="Source Files\dummy">
      <UniqueIdentifier>{31e021bf-3e62-4746-b141-e026d473aad8}</UniqueIdentifier>
    </Filter>
  </ItemGroup>
  <ItemGroup>
    <Inf Include="pknkrnl.inf">
      <Filter>Driver Files</Filter>
    </Inf>
  </ItemGroup>
  <ItemGroup>
    <ClInclude Include="..\..\source\kernel\utils\spin_lock.hpp">
      <Filter>Source Files\utils</Filter>
    </ClInclude>
    <ClInclude Include="..\..\source\kernel\io.h">
      <Filter>Source Files</Filter>
    </ClInclude>
    <ClInclude Include="..\..\source\kernel\io_code.h">
      <Filter>Source Files</Filter>
    </ClInclude>
    <ClInclude Include="..\..\source\kernel\kernel_entry.h">
      <Filter>Source Files</Filter>
    </ClInclude>
    <ClInclude Include="..\..\source\kernel\keyboard.h">
      <Filter>Source Files</Filter>
    </ClInclude>
    <ClInclude Include="..\..\source\kernel\mem.h">
      <Filter>Source Files</Filter>
    </ClInclude>
    <ClInclude Include="..\..\source\kernel\mouse.h">
      <Filter>Source Files</Filter>
    </ClInclude>
    <ClInclude Include="..\..\source\kernel\names.h">
      <Filter>Source Files</Filter>
    </ClInclude>
    <ClInclude Include="..\..\source\kernel\protect.h">
      <Filter>Source Files</Filter>
    </ClInclude>
    <ClInclude Include="..\..\source\kernel\ps.h">
      <Filter>Source Files</Filter>
    </ClInclude>
    <ClInclude Include="..\..\source\kernel\shared.h">
      <Filter>Source Files</Filter>
    </ClInclude>
    <ClInclude Include="..\..\source\kernel\marco\debug_print.h">
      <Filter>Source Files\marco</Filter>
    </ClInclude>
    <ClInclude Include="..\..\source\kernel\thread.h">
      <Filter>Source Files</Filter>
    </ClInclude>
    <ClInclude Include="..\..\source\kernel\utils\system_proc.h">
      <Filter>Source Files\utils</Filter>
    </ClInclude>
    <ClInclude Include="..\..\source\kernel\system.h">
      <Filter>Source Files</Filter>
    </ClInclude>
    <ClInclude Include="..\..\source\kernel\dummy\dummy.h">
      <Filter>Source Files\dummy</Filter>
    </ClInclude>
    <ClInclude Include="..\..\source\kernel\unloaded_drivers.h">
      <Filter>Source Files</Filter>
    </ClInclude>
    <ClInclude Include="..\..\source\kernel\utils\irq_guard.hpp">
      <Filter>Source Files\utils</Filter>
    </ClInclude>
    <ClInclude Include="..\..\source\kernel\global.h">
      <Filter>Source Files</Filter>
    </ClInclude>
    <ClInclude Include="utils\DisablePageProtect.hpp" />
    <ClInclude Include="utils\GuardedFixer.hpp" />
    <ClInclude Include="utils\Process.h" />
    <ClInclude Include="utils\memutils.hpp" />
    <ClInclude Include="utils\SecureMemory.hpp" />
  </ItemGroup>
  <ItemGroup>
    <ClCompile Include="..\..\source\kernel\protect.cpp">
      <Filter>Source Files</Filter>
    </ClCompile>
    <ClCompile Include="..\..\source\kernel\kernel_entry.cpp">
      <Filter>Source Files</Filter>
    </ClCompile>
    <ClCompile Include="..\..\source\kernel\keyboard.cpp">
      <Filter>Source Files</Filter>
    </ClCompile>
    <ClCompile Include="..\..\source\kernel\mem.cpp">
      <Filter>Source Files</Filter>
    </ClCompile>
    <ClCompile Include="..\..\source\kernel\mouse.cpp">
      <Filter>Source Files</Filter>
    </ClCompile>
    <ClCompile Include="..\..\source\kernel\ps.cpp">
      <Filter>Source Files</Filter>
    </ClCompile>
    <ClCompile Include="..\..\source\kernel\shared.cpp">
      <Filter>Source Files</Filter>
    </ClCompile>
    <ClCompile Include="..\..\source\kernel\io.cpp">
      <Filter>Source Files</Filter>
    </ClCompile>
    <ClCompile Include="..\..\source\kernel\thread.cpp">
      <Filter>Source Files</Filter>
    </ClCompile>
    <ClCompile Include="..\..\source\kernel\utils\system_proc.cpp">
      <Filter>Source Files\utils</Filter>
    </ClCompile>
    <ClCompile Include="..\..\source\kernel\system.cpp">
      <Filter>Source Files</Filter>
    </ClCompile>
    <ClCompile Include="..\..\source\kernel\dummy\dummy.cpp">
      <Filter>Source Files\dummy</Filter>
    </ClCompile>
    <ClCompile Include="..\..\source\kernel\unloaded_drivers.cpp">
      <Filter>Source Files</Filter>
    </ClCompile>
    <ClCompile Include="..\..\source\kernel\global.cpp">
      <Filter>Source Files</Filter>
    </ClCompile>
    <ClCompile Include="..\..\3rd_party\beaengine\src\BeaEngine.c">
      <Filter>Source Files</Filter>
    </ClCompile>
    <ClCompile Include="cpp_wrap\wrap.cpp">
      <Filter>Source Files</Filter>
    </ClCompile>
  </ItemGroup>
  <ItemGroup>
    <MASM Include="dummy\dummy_asm.asm">
      <Filter>Source Files</Filter>
    </MASM>
  </ItemGroup>
</Project>